
Microsoft Visual Studio Solution File, Format Version 12.00
# Visual Studio Version 17
VisualStudioVersion = 17.14.36518.9 d17.14
MinimumVisualStudioVersion = 10.0.40219.1
Project("{8BC9CEB8-8B4A-11D0-8D11-00A0C91BC942}") = "CodePrac", "CodePrac.vcxproj", "{EF4B37A9-9D2C-4D46-BC60-01DDD438ABD7}"
EndProject
Global
	GlobalSection(SolutionConfigurationPlatforms) = preSolution
		Debug|x64 = Debug|x64
		Debug|x86 = Debug|x86
		Release|x64 = Release|x64
		Release|x86 = Release|x86
	EndGlobalSection
	GlobalSection(ProjectConfigurationPlatforms) = postSolution
		{EF4B37A9-9D2C-4D46-BC60-01DDD438ABD7}.Debug|x64.ActiveCfg = Debug|x64
		{EF4B37A9-9D2C-4D46-BC60-01DDD438ABD7}.Debug|x64.Build.0 = Debug|x64
		{EF4B37A9-9D2C-4D46-BC60-01DDD438ABD7}.Debug|x86.ActiveCfg = Debug|Win32
		{EF4B37A9-9D2C-4D46-BC60-01DDD438ABD7}.Debug|x86.Build.0 = Debug|Win32
		{EF4B37A9-9D2C-4D46-BC60-01DDD438ABD7}.Release|x64.ActiveCfg = Release|x64
		{EF4B37A9-9D2C-4D46-BC60-01DDD438ABD7}.Release|x64.Build.0 = Release|x64
		{EF4B37A9-9D2C-4D46-BC60-01DDD438ABD7}.Release|x86.ActiveCfg = Release|Win32
		{EF4B37A9-9D2C-4D46-BC60-01DDD438ABD7}.Release|x86.Build.0 = Release|Win32
	EndGlobalSection
	GlobalSection(SolutionProperties) = preSolution
		HideSolutionNode = FALSE
	EndGlobalSection
	GlobalSection(ExtensibilityGlobals) = postSolution
		SolutionGuid = {0D771D9D-5527-4F82-AE57-049D72A32C88}
	EndGlobalSection
EndGlobal
